
Microsoft Visual Studio Solution File, Format Version 12.00
# Visual Studio Version 17
VisualStudioVersion = 17.2.32630.192
MinimumVisualStudioVersion = 10.0.40219.1
Project("{9A19103F-16F7-4668-BE54-9A1E7A4F7556}") = "R5T.F0057", "R5T.F0057\R5T.F0057.csproj", "{711AC73D-0B43-4FF1-B2DB-BD8CE62FE6C5}"
EndProject
Project("{2150E333-8FDC-42A3-9474-1A3956D46DE8}") = "_Dependencies", "_Dependencies", "{B757E63F-CE1A-458E-878C-3426C88A329F}"
EndProject
Project("{9A19103F-16F7-4668-BE54-9A1E7A4F7556}") = "R5T.T0132", "..\..\R5T.T0132\source\R5T.T0132\R5T.T0132.csproj", "{916805A3-836B-429F-A298-3C2F31F2A0A1}"
EndProject
Project("{9A19103F-16F7-4668-BE54-9A1E7A4F7556}") = "R5T.F0002", "..\..\R5T.F0002\source\R5T.F0002\R5T.F0002.csproj", "{42ACC607-553E-412F-8220-FC28859C151B}"
EndProject
Project("{9A19103F-16F7-4668-BE54-9A1E7A4F7556}") = "R5T.F0000", "..\..\R5T.F0000\source\R5T.F0000\R5T.F0000.csproj", "{CFA587F9-CB33-4C46-9A1D-F3DCA1E089A9}"
EndProject
Project("{9A19103F-16F7-4668-BE54-9A1E7A4F7556}") = "R5T.L0053", "..\..\R5T.L0053\source\R5T.L0053\R5T.L0053.csproj", "{517A5DFE-4D62-4F91-8393-BFFA260FDC19}"
EndProject
Project("{9A19103F-16F7-4668-BE54-9A1E7A4F7556}") = "R5T.L0066", "..\..\R5T.L0066\source\R5T.L0066\R5T.L0066.csproj", "{2B97B963-E4D7-4A81-9E4F-DBCBF2FFD604}"
EndProject
Project("{9A19103F-16F7-4668-BE54-9A1E7A4F7556}") = "R5T.L0071", "..\..\R5T.L0071\source\R5T.L0071\R5T.L0071.csproj", "{79C7BAE7-2664-4E5D-9D75-7C2CCB43BEC3}"
EndProject
Project("{9A19103F-16F7-4668-BE54-9A1E7A4F7556}") = "R5T.L0089.F000", "..\..\R5T.L0089\source\R5T.L0089.F000\R5T.L0089.F000.csproj", "{042EC67C-BBA3-493F-B1FF-C2ADC2C98694}"
EndProject
Project("{9A19103F-16F7-4668-BE54-9A1E7A4F7556}") = "R5T.L0089.T000", "..\..\R5T.L0089\source\R5T.L0089.T000\R5T.L0089.T000.csproj", "{B45FF11B-6568-4A72-97CE-EE51674530F3}"
EndProject
Project("{9A19103F-16F7-4668-BE54-9A1E7A4F7556}") = "R5T.L0089", "..\..\R5T.L0089\source\R5T.L0089\R5T.L0089.csproj", "{A8BEA698-0EE0-49C4-ADF9-2E2523DAAA13}"
EndProject
Project("{9A19103F-16F7-4668-BE54-9A1E7A4F7556}") = "R5T.T0131", "..\..\R5T.T0131\source\R5T.T0131\R5T.T0131.csproj", "{A72C8BE7-427F-4B0E-ABC3-F62614311810}"
EndProject
Project("{9A19103F-16F7-4668-BE54-9A1E7A4F7556}") = "R5T.T0142", "..\..\R5T.T0142\source\R5T.T0142\R5T.T0142.csproj", "{4533017B-FC67-4E28-909E-7579DE665A2F}"
EndProject
Project("{9A19103F-16F7-4668-BE54-9A1E7A4F7556}") = "R5T.T0143", "..\..\R5T.T0143\source\R5T.T0143\R5T.T0143.csproj", "{7FC0B273-4944-44C2-96A9-BFA86D6A2C08}"
EndProject
Project("{9A19103F-16F7-4668-BE54-9A1E7A4F7556}") = "R5T.T0156", "..\..\R5T.T0156\source\R5T.T0156\R5T.T0156.csproj", "{CC0C2515-29B4-479F-B601-C3317EAA1CDD}"
EndProject
Project("{9A19103F-16F7-4668-BE54-9A1E7A4F7556}") = "R5T.T0221", "..\..\R5T.T0221\source\R5T.T0221\R5T.T0221.csproj", "{2B23881F-1077-484B-8906-02A4D493E90D}"
EndProject
Project("{9A19103F-16F7-4668-BE54-9A1E7A4F7556}") = "R5T.T0241", "..\..\R5T.T0241\source\R5T.T0241\R5T.T0241.csproj", "{0B894D26-816F-4653-B0AD-65B26C2A0DCC}"
EndProject
Project("{9A19103F-16F7-4668-BE54-9A1E7A4F7556}") = "R5T.Y0000", "..\..\R5T.Y0000\source\R5T.Y0000\R5T.Y0000.csproj", "{8AC8944D-AC01-47B7-B372-2AC668FF1077}"
EndProject
Project("{9A19103F-16F7-4668-BE54-9A1E7A4F7556}") = "R5T.Y0006", "..\..\R5T.Y0006\source\R5T.Y0006\R5T.Y0006.csproj", "{E1F29A27-38B3-4DFD-8A32-BDF702F382A5}"
EndProject
Project("{9A19103F-16F7-4668-BE54-9A1E7A4F7556}") = "R5T.Z0000", "..\..\R5T.Z0000\source\R5T.Z0000\R5T.Z0000.csproj", "{D7402AC3-93D9-4451-9696-D04579D19E8D}"
EndProject
Project("{9A19103F-16F7-4668-BE54-9A1E7A4F7556}") = "R5T.Z0010.Platform", "..\..\R5T.Z0010\source\R5T.Z0010.Platform\R5T.Z0010.Platform.csproj", "{A504659C-119E-4734-8B41-29D00A99FABA}"
EndProject
Project("{9A19103F-16F7-4668-BE54-9A1E7A4F7556}") = "R5T.Z0071.Z000", "..\..\R5T.Z0071\source\R5T.Z0071.Z000\R5T.Z0071.Z000.csproj", "{17B06E05-7366-41D5-977C-677DF1EF128F}"
EndProject
Project("{9A19103F-16F7-4668-BE54-9A1E7A4F7556}") = "R5T.Z0071.Z002", "..\..\R5T.Z0071\source\R5T.Z0071.Z002\R5T.Z0071.Z002.csproj", "{63DD0210-FDE7-428D-B312-4543C3A64177}"
EndProject
Project("{9A19103F-16F7-4668-BE54-9A1E7A4F7556}") = "R5T.Z0072.Z000", "..\..\R5T.Z0072\source\R5T.Z0072.Z000\R5T.Z0072.Z000.csproj", "{315E9749-6A39-4C88-A930-02A2BF30A1A5}"
EndProject
Project("{9A19103F-16F7-4668-BE54-9A1E7A4F7556}") = "R5T.Z0072.Z002", "..\..\R5T.Z0072\source\R5T.Z0072.Z002\R5T.Z0072.Z002.csproj", "{A73A0507-3DE5-406E-A047-B9F65367464E}"
EndProject
Global
	GlobalSection(NestedProjects) = preSolution
		{916805A3-836B-429F-A298-3C2F31F2A0A1} = {B757E63F-CE1A-458E-878C-3426C88A329F}
		{42ACC607-553E-412F-8220-FC28859C151B} = {B757E63F-CE1A-458E-878C-3426C88A329F}
		{CFA587F9-CB33-4C46-9A1D-F3DCA1E089A9} = {B757E63F-CE1A-458E-878C-3426C88A329F}
		{517A5DFE-4D62-4F91-8393-BFFA260FDC19} = {B757E63F-CE1A-458E-878C-3426C88A329F}
		{2B97B963-E4D7-4A81-9E4F-DBCBF2FFD604} = {B757E63F-CE1A-458E-878C-3426C88A329F}
		{79C7BAE7-2664-4E5D-9D75-7C2CCB43BEC3} = {B757E63F-CE1A-458E-878C-3426C88A329F}
		{042EC67C-BBA3-493F-B1FF-C2ADC2C98694} = {B757E63F-CE1A-458E-878C-3426C88A329F}
		{B45FF11B-6568-4A72-97CE-EE51674530F3} = {B757E63F-CE1A-458E-878C-3426C88A329F}
		{A8BEA698-0EE0-49C4-ADF9-2E2523DAAA13} = {B757E63F-CE1A-458E-878C-3426C88A329F}
		{A72C8BE7-427F-4B0E-ABC3-F62614311810} = {B757E63F-CE1A-458E-878C-3426C88A329F}
		{4533017B-FC67-4E28-909E-7579DE665A2F} = {B757E63F-CE1A-458E-878C-3426C88A329F}
		{7FC0B273-4944-44C2-96A9-BFA86D6A2C08} = {B757E63F-CE1A-458E-878C-3426C88A329F}
		{CC0C2515-29B4-479F-B601-C3317EAA1CDD} = {B757E63F-CE1A-458E-878C-3426C88A329F}
		{2B23881F-1077-484B-8906-02A4D493E90D} = {B757E63F-CE1A-458E-878C-3426C88A329F}
		{0B894D26-816F-4653-B0AD-65B26C2A0DCC} = {B757E63F-CE1A-458E-878C-3426C88A329F}
		{8AC8944D-AC01-47B7-B372-2AC668FF1077} = {B757E63F-CE1A-458E-878C-3426C88A329F}
		{E1F29A27-38B3-4DFD-8A32-BDF702F382A5} = {B757E63F-CE1A-458E-878C-3426C88A329F}
		{D7402AC3-93D9-4451-9696-D04579D19E8D} = {B757E63F-CE1A-458E-878C-3426C88A329F}
		{A504659C-119E-4734-8B41-29D00A99FABA} = {B757E63F-CE1A-458E-878C-3426C88A329F}
		{17B06E05-7366-41D5-977C-677DF1EF128F} = {B757E63F-CE1A-458E-878C-3426C88A329F}
		{63DD0210-FDE7-428D-B312-4543C3A64177} = {B757E63F-CE1A-458E-878C-3426C88A329F}
		{315E9749-6A39-4C88-A930-02A2BF30A1A5} = {B757E63F-CE1A-458E-878C-3426C88A329F}
		{A73A0507-3DE5-406E-A047-B9F65367464E} = {B757E63F-CE1A-458E-878C-3426C88A329F}
	EndGlobalSection
	GlobalSection(SolutionConfigurationPlatforms) = preSolution
		Debug|Any CPU = Debug|Any CPU
		Release|Any CPU = Release|Any CPU
	EndGlobalSection
	GlobalSection(ProjectConfigurationPlatforms) = postSolution
		{711AC73D-0B43-4FF1-B2DB-BD8CE62FE6C5}.Debug|Any CPU.ActiveCfg = Debug|Any CPU
		{711AC73D-0B43-4FF1-B2DB-BD8CE62FE6C5}.Debug|Any CPU.Build.0 = Debug|Any CPU
		{711AC73D-0B43-4FF1-B2DB-BD8CE62FE6C5}.Release|Any CPU.ActiveCfg = Release|Any CPU
		{711AC73D-0B43-4FF1-B2DB-BD8CE62FE6C5}.Release|Any CPU.Build.0 = Release|Any CPU
		{916805A3-836B-429F-A298-3C2F31F2A0A1}.Debug|Any CPU.ActiveCfg = Debug|Any CPU
		{916805A3-836B-429F-A298-3C2F31F2A0A1}.Debug|Any CPU.Build.0 = Debug|Any CPU
		{916805A3-836B-429F-A298-3C2F31F2A0A1}.Release|Any CPU.ActiveCfg = Release|Any CPU
		{916805A3-836B-429F-A298-3C2F31F2A0A1}.Release|Any CPU.Build.0 = Release|Any CPU
		{42ACC607-553E-412F-8220-FC28859C151B}.Debug|Any CPU.ActiveCfg = Debug|Any CPU
		{42ACC607-553E-412F-8220-FC28859C151B}.Debug|Any CPU.Build.0 = Debug|Any CPU
		{42ACC607-553E-412F-8220-FC28859C151B}.Release|Any CPU.ActiveCfg = Release|Any CPU
		{42ACC607-553E-412F-8220-FC28859C151B}.Release|Any CPU.Build.0 = Release|Any CPU
		{CFA587F9-CB33-4C46-9A1D-F3DCA1E089A9}.Debug|Any CPU.ActiveCfg = Debug|Any CPU
		{CFA587F9-CB33-4C46-9A1D-F3DCA1E089A9}.Debug|Any CPU.Build.0 = Debug|Any CPU
		{CFA587F9-CB33-4C46-9A1D-F3DCA1E089A9}.Release|Any CPU.ActiveCfg = Release|Any CPU
		{CFA587F9-CB33-4C46-9A1D-F3DCA1E089A9}.Release|Any CPU.Build.0 = Release|Any CPU
		{517A5DFE-4D62-4F91-8393-BFFA260FDC19}.Debug|Any CPU.ActiveCfg = Debug|Any CPU
		{517A5DFE-4D62-4F91-8393-BFFA260FDC19}.Debug|Any CPU.Build.0 = Debug|Any CPU
		{517A5DFE-4D62-4F91-8393-BFFA260FDC19}.Release|Any CPU.ActiveCfg = Release|Any CPU
		{517A5DFE-4D62-4F91-8393-BFFA260FDC19}.Release|Any CPU.Build.0 = Release|Any CPU
		{2B97B963-E4D7-4A81-9E4F-DBCBF2FFD604}.Debug|Any CPU.ActiveCfg = Debug|Any CPU
		{2B97B963-E4D7-4A81-9E4F-DBCBF2FFD604}.Debug|Any CPU.Build.0 = Debug|Any CPU
		{2B97B963-E4D7-4A81-9E4F-DBCBF2FFD604}.Release|Any CPU.ActiveCfg = Release|Any CPU
		{2B97B963-E4D7-4A81-9E4F-DBCBF2FFD604}.Release|Any CPU.Build.0 = Release|Any CPU
		{79C7BAE7-2664-4E5D-9D75-7C2CCB43BEC3}.Debug|Any CPU.ActiveCfg = Debug|Any CPU
		{79C7BAE7-2664-4E5D-9D75-7C2CCB43BEC3}.Debug|Any CPU.Build.0 = Debug|Any CPU
		{79C7BAE7-2664-4E5D-9D75-7C2CCB43BEC3}.Release|Any CPU.ActiveCfg = Release|Any CPU
		{79C7BAE7-2664-4E5D-9D75-7C2CCB43BEC3}.Release|Any CPU.Build.0 = Release|Any CPU
		{042EC67C-BBA3-493F-B1FF-C2ADC2C98694}.Debug|Any CPU.ActiveCfg = Debug|Any CPU
		{042EC67C-BBA3-493F-B1FF-C2ADC2C98694}.Debug|Any CPU.Build.0 = Debug|Any CPU
		{042EC67C-BBA3-493F-B1FF-C2ADC2C98694}.Release|Any CPU.ActiveCfg = Release|Any CPU
		{042EC67C-BBA3-493F-B1FF-C2ADC2C98694}.Release|Any CPU.Build.0 = Release|Any CPU
		{B45FF11B-6568-4A72-97CE-EE51674530F3}.Debug|Any CPU.ActiveCfg = Debug|Any CPU
		{B45FF11B-6568-4A72-97CE-EE51674530F3}.Debug|Any CPU.Build.0 = Debug|Any CPU
		{B45FF11B-6568-4A72-97CE-EE51674530F3}.Release|Any CPU.ActiveCfg = Release|Any CPU
		{B45FF11B-6568-4A72-97CE-EE51674530F3}.Release|Any CPU.Build.0 = Release|Any CPU
		{A8BEA698-0EE0-49C4-ADF9-2E2523DAAA13}.Debug|Any CPU.ActiveCfg = Debug|Any CPU
		{A8BEA698-0EE0-49C4-ADF9-2E2523DAAA13}.Debug|Any CPU.Build.0 = Debug|Any CPU
		{A8BEA698-0EE0-49C4-ADF9-2E2523DAAA13}.Release|Any CPU.ActiveCfg = Release|Any CPU
		{A8BEA698-0EE0-49C4-ADF9-2E2523DAAA13}.Release|Any CPU.Build.0 = Release|Any CPU
		{A72C8BE7-427F-4B0E-ABC3-F62614311810}.Debug|Any CPU.ActiveCfg = Debug|Any CPU
		{A72C8BE7-427F-4B0E-ABC3-F62614311810}.Debug|Any CPU.Build.0 = Debug|Any CPU
		{A72C8BE7-427F-4B0E-ABC3-F62614311810}.Release|Any CPU.ActiveCfg = Release|Any CPU
		{A72C8BE7-427F-4B0E-ABC3-F62614311810}.Release|Any CPU.Build.0 = Release|Any CPU
		{4533017B-FC67-4E28-909E-7579DE665A2F}.Debug|Any CPU.ActiveCfg = Debug|Any CPU
		{4533017B-FC67-4E28-909E-7579DE665A2F}.Debug|Any CPU.Build.0 = Debug|Any CPU
		{4533017B-FC67-4E28-909E-7579DE665A2F}.Release|Any CPU.ActiveCfg = Release|Any CPU
		{4533017B-FC67-4E28-909E-7579DE665A2F}.Release|Any CPU.Build.0 = Release|Any CPU
		{7FC0B273-4944-44C2-96A9-BFA86D6A2C08}.Debug|Any CPU.ActiveCfg = Debug|Any CPU
		{7FC0B273-4944-44C2-96A9-BFA86D6A2C08}.Debug|Any CPU.Build.0 = Debug|Any CPU
		{7FC0B273-4944-44C2-96A9-BFA86D6A2C08}.Release|Any CPU.ActiveCfg = Release|Any CPU
		{7FC0B273-4944-44C2-96A9-BFA86D6A2C08}.Release|Any CPU.Build.0 = Release|Any CPU
		{CC0C2515-29B4-479F-B601-C3317EAA1CDD}.Debug|Any CPU.ActiveCfg = Debug|Any CPU
		{CC0C2515-29B4-479F-B601-C3317EAA1CDD}.Debug|Any CPU.Build.0 = Debug|Any CPU
		{CC0C2515-29B4-479F-B601-C3317EAA1CDD}.Release|Any CPU.ActiveCfg = Release|Any CPU
		{CC0C2515-29B4-479F-B601-C3317EAA1CDD}.Release|Any CPU.Build.0 = Release|Any CPU
		{2B23881F-1077-484B-8906-02A4D493E90D}.Debug|Any CPU.ActiveCfg = Debug|Any CPU
		{2B23881F-1077-484B-8906-02A4D493E90D}.Debug|Any CPU.Build.0 = Debug|Any CPU
		{2B23881F-1077-484B-8906-02A4D493E90D}.Release|Any CPU.ActiveCfg = Release|Any CPU
		{2B23881F-1077-484B-8906-02A4D493E90D}.Release|Any CPU.Build.0 = Release|Any CPU
		{0B894D26-816F-4653-B0AD-65B26C2A0DCC}.Debug|Any CPU.ActiveCfg = Debug|Any CPU
		{0B894D26-816F-4653-B0AD-65B26C2A0DCC}.Debug|Any CPU.Build.0 = Debug|Any CPU
		{0B894D26-816F-4653-B0AD-65B26C2A0DCC}.Release|Any CPU.ActiveCfg = Release|Any CPU
		{0B894D26-816F-4653-B0AD-65B26C2A0DCC}.Release|Any CPU.Build.0 = Release|Any CPU
		{8AC8944D-AC01-47B7-B372-2AC668FF1077}.Debug|Any CPU.ActiveCfg = Debug|Any CPU
		{8AC8944D-AC01-47B7-B372-2AC668FF1077}.Debug|Any CPU.Build.0 = Debug|Any CPU
		{8AC8944D-AC01-47B7-B372-2AC668FF1077}.Release|Any CPU.ActiveCfg = Release|Any CPU
		{8AC8944D-AC01-47B7-B372-2AC668FF1077}.Release|Any CPU.Build.0 = Release|Any CPU
		{E1F29A27-38B3-4DFD-8A32-BDF702F382A5}.Debug|Any CPU.ActiveCfg = Debug|Any CPU
		{E1F29A27-38B3-4DFD-8A32-BDF702F382A5}.Debug|Any CPU.Build.0 = Debug|Any CPU
		{E1F29A27-38B3-4DFD-8A32-BDF702F382A5}.Release|Any CPU.ActiveCfg = Release|Any CPU
		{E1F29A27-38B3-4DFD-8A32-BDF702F382A5}.Release|Any CPU.Build.0 = Release|Any CPU
		{D7402AC3-93D9-4451-9696-D04579D19E8D}.Debug|Any CPU.ActiveCfg = Debug|Any CPU
		{D7402AC3-93D9-4451-9696-D04579D19E8D}.Debug|Any CPU.Build.0 = Debug|Any CPU
		{D7402AC3-93D9-4451-9696-D04579D19E8D}.Release|Any CPU.ActiveCfg = Release|Any CPU
		{D7402AC3-93D9-4451-9696-D04579D19E8D}.Release|Any CPU.Build.0 = Release|Any CPU
		{A504659C-119E-4734-8B41-29D00A99FABA}.Debug|Any CPU.ActiveCfg = Debug|Any CPU
		{A504659C-119E-4734-8B41-29D00A99FABA}.Debug|Any CPU.Build.0 = Debug|Any CPU
		{A504659C-119E-4734-8B41-29D00A99FABA}.Release|Any CPU.ActiveCfg = Release|Any CPU
		{A504659C-119E-4734-8B41-29D00A99FABA}.Release|Any CPU.Build.0 = Release|Any CPU
		{17B06E05-7366-41D5-977C-677DF1EF128F}.Debug|Any CPU.ActiveCfg = Debug|Any CPU
		{17B06E05-7366-41D5-977C-677DF1EF128F}.Debug|Any CPU.Build.0 = Debug|Any CPU
		{17B06E05-7366-41D5-977C-677DF1EF128F}.Release|Any CPU.ActiveCfg = Release|Any CPU
		{17B06E05-7366-41D5-977C-677DF1EF128F}.Release|Any CPU.Build.0 = Release|Any CPU
		{63DD0210-FDE7-428D-B312-4543C3A64177}.Debug|Any CPU.ActiveCfg = Debug|Any CPU
		{63DD0210-FDE7-428D-B312-4543C3A64177}.Debug|Any CPU.Build.0 = Debug|Any CPU
		{63DD0210-FDE7-428D-B312-4543C3A64177}.Release|Any CPU.ActiveCfg = Release|Any CPU
		{63DD0210-FDE7-428D-B312-4543C3A64177}.Release|Any CPU.Build.0 = Release|Any CPU
		{315E9749-6A39-4C88-A930-02A2BF30A1A5}.Debug|Any CPU.ActiveCfg = Debug|Any CPU
		{315E9749-6A39-4C88-A930-02A2BF30A1A5}.Debug|Any CPU.Build.0 = Debug|Any CPU
		{315E9749-6A39-4C88-A930-02A2BF30A1A5}.Release|Any CPU.ActiveCfg = Release|Any CPU
		{315E9749-6A39-4C88-A930-02A2BF30A1A5}.Release|Any CPU.Build.0 = Release|Any CPU
		{A73A0507-3DE5-406E-A047-B9F65367464E}.Debug|Any CPU.ActiveCfg = Debug|Any CPU
		{A73A0507-3DE5-406E-A047-B9F65367464E}.Debug|Any CPU.Build.0 = Debug|Any CPU
		{A73A0507-3DE5-406E-A047-B9F65367464E}.Release|Any CPU.ActiveCfg = Release|Any CPU
		{A73A0507-3DE5-406E-A047-B9F65367464E}.Release|Any CPU.Build.0 = Release|Any CPU
	EndGlobalSection
	GlobalSection(SolutionProperties) = preSolution
		HideSolutionNode = FALSE
	EndGlobalSection
	GlobalSection(ExtensibilityGlobals) = postSolution
		SolutionGuid = {9564C065-FC60-4615-8ED1-48A40BED181B}
	EndGlobalSection
EndGlobal
