
Microsoft Visual Studio Solution File, Format Version 12.00
# Visual Studio Version 17
VisualStudioVersion = 17.2.32630.192
MinimumVisualStudioVersion = 10.0.40219.1
Project("{9A19103F-16F7-4668-BE54-9A1E7A4F7556}") = "R5T.F0057.Construction", "R5T.F0057.Construction\R5T.F0057.Construction.csproj", "{DD8775F2-1140-4401-9665-A667A02573C9}"
EndProject
Project("{9A19103F-16F7-4668-BE54-9A1E7A4F7556}") = "R5T.F0057", "R5T.F0057\R5T.F0057.csproj", "{6C3BFA03-500B-49E6-A53F-5185BD642123}"
EndProject
Project("{2150E333-8FDC-42A3-9474-1A3956D46DE8}") = "_Dependencies", "_Dependencies", "{9A5D894C-039A-4349-9225-2D97BB7D9CF2}"
EndProject
Project("{9A19103F-16F7-4668-BE54-9A1E7A4F7556}") = "R5T.F0000", "..\..\R5T.F0000\source\R5T.F0000\R5T.F0000.csproj", "{FC1169D0-A9A2-479D-9567-47BECFD60077}"
EndProject
Project("{9A19103F-16F7-4668-BE54-9A1E7A4F7556}") = "R5T.F0002", "..\..\R5T.F0002\source\R5T.F0002\R5T.F0002.csproj", "{F138DC97-1155-49B7-9F9D-FA5A3B07F569}"
EndProject
Project("{9A19103F-16F7-4668-BE54-9A1E7A4F7556}") = "R5T.L0053", "..\..\R5T.L0053\source\R5T.L0053\R5T.L0053.csproj", "{B19C9E84-8552-436A-9022-DBE67DB14C8C}"
EndProject
Project("{9A19103F-16F7-4668-BE54-9A1E7A4F7556}") = "R5T.L0066", "..\..\R5T.L0066\source\R5T.L0066\R5T.L0066.csproj", "{CD428033-858E-4D08-8F5A-A7EBEDAA6787}"
EndProject
Project("{9A19103F-16F7-4668-BE54-9A1E7A4F7556}") = "R5T.L0071", "..\..\R5T.L0071\source\R5T.L0071\R5T.L0071.csproj", "{6FCD4717-9330-4DFC-ABBC-A8BD6A8EC41E}"
EndProject
Project("{9A19103F-16F7-4668-BE54-9A1E7A4F7556}") = "R5T.L0089.F000", "..\..\R5T.L0089\source\R5T.L0089.F000\R5T.L0089.F000.csproj", "{76C8472C-454A-4527-979D-270ABEAD4713}"
EndProject
Project("{9A19103F-16F7-4668-BE54-9A1E7A4F7556}") = "R5T.L0089.T000", "..\..\R5T.L0089\source\R5T.L0089.T000\R5T.L0089.T000.csproj", "{E021CC92-8C0F-4716-80E0-1CBBFE5D45D1}"
EndProject
Project("{9A19103F-16F7-4668-BE54-9A1E7A4F7556}") = "R5T.L0089", "..\..\R5T.L0089\source\R5T.L0089\R5T.L0089.csproj", "{0440D864-10C2-4DBF-979E-836DF7AC580A}"
EndProject
Project("{9A19103F-16F7-4668-BE54-9A1E7A4F7556}") = "R5T.T0131", "..\..\R5T.T0131\source\R5T.T0131\R5T.T0131.csproj", "{03DA8428-78CF-4B62-AFB5-A45B038D0E84}"
EndProject
Project("{9A19103F-16F7-4668-BE54-9A1E7A4F7556}") = "R5T.T0132", "..\..\R5T.T0132\source\R5T.T0132\R5T.T0132.csproj", "{DBA65744-25B7-4F7E-82FB-63F7C707AAB0}"
EndProject
Project("{9A19103F-16F7-4668-BE54-9A1E7A4F7556}") = "R5T.T0142", "..\..\R5T.T0142\source\R5T.T0142\R5T.T0142.csproj", "{AD2BB652-56E9-46C3-9DDC-0029AAE89E47}"
EndProject
Project("{9A19103F-16F7-4668-BE54-9A1E7A4F7556}") = "R5T.T0143", "..\..\R5T.T0143\source\R5T.T0143\R5T.T0143.csproj", "{6BCBF43E-0B50-4036-A011-1F99BC8D30E7}"
EndProject
Project("{9A19103F-16F7-4668-BE54-9A1E7A4F7556}") = "R5T.T0156", "..\..\R5T.T0156\source\R5T.T0156\R5T.T0156.csproj", "{FEC92B0B-8DEC-4D50-9041-6CB76FCCB9F6}"
EndProject
Project("{9A19103F-16F7-4668-BE54-9A1E7A4F7556}") = "R5T.T0221", "..\..\R5T.T0221\source\R5T.T0221\R5T.T0221.csproj", "{995BF884-5CCD-4230-B79D-14F2F95070CA}"
EndProject
Project("{9A19103F-16F7-4668-BE54-9A1E7A4F7556}") = "R5T.T0241", "..\..\R5T.T0241\source\R5T.T0241\R5T.T0241.csproj", "{F7FB0309-46B7-43F3-A4D2-2783D4D6C370}"
EndProject
Project("{9A19103F-16F7-4668-BE54-9A1E7A4F7556}") = "R5T.Y0000", "..\..\R5T.Y0000\source\R5T.Y0000\R5T.Y0000.csproj", "{9C035825-8664-457E-8412-2D6B73B4EA35}"
EndProject
Project("{9A19103F-16F7-4668-BE54-9A1E7A4F7556}") = "R5T.Y0006", "..\..\R5T.Y0006\source\R5T.Y0006\R5T.Y0006.csproj", "{54B25CC4-10EB-41DF-B714-C4CC80DF7415}"
EndProject
Project("{9A19103F-16F7-4668-BE54-9A1E7A4F7556}") = "R5T.Z0000", "..\..\R5T.Z0000\source\R5T.Z0000\R5T.Z0000.csproj", "{7E138314-DA35-4CDA-813F-A97ED2D06744}"
EndProject
Project("{9A19103F-16F7-4668-BE54-9A1E7A4F7556}") = "R5T.Z0010.Platform", "..\..\R5T.Z0010\source\R5T.Z0010.Platform\R5T.Z0010.Platform.csproj", "{5DCB91F5-1DB9-4E49-9C52-C76592FD0A05}"
EndProject
Project("{9A19103F-16F7-4668-BE54-9A1E7A4F7556}") = "R5T.Z0071.Z000", "..\..\R5T.Z0071\source\R5T.Z0071.Z000\R5T.Z0071.Z000.csproj", "{B5C21318-43CE-4043-9578-2C03596999C2}"
EndProject
Project("{9A19103F-16F7-4668-BE54-9A1E7A4F7556}") = "R5T.Z0071.Z002", "..\..\R5T.Z0071\source\R5T.Z0071.Z002\R5T.Z0071.Z002.csproj", "{AA26BACA-8D6F-454F-A4BD-321DBC846ECC}"
EndProject
Project("{9A19103F-16F7-4668-BE54-9A1E7A4F7556}") = "R5T.Z0072.Z000", "..\..\R5T.Z0072\source\R5T.Z0072.Z000\R5T.Z0072.Z000.csproj", "{B1C8F0B8-8D86-4037-B495-C4F7E7DEDAF8}"
EndProject
Project("{9A19103F-16F7-4668-BE54-9A1E7A4F7556}") = "R5T.Z0072.Z002", "..\..\R5T.Z0072\source\R5T.Z0072.Z002\R5T.Z0072.Z002.csproj", "{DBBCA158-F160-49E8-AA17-9E4EC737D9F1}"
EndProject
Global
	GlobalSection(NestedProjects) = preSolution
		{FC1169D0-A9A2-479D-9567-47BECFD60077} = {9A5D894C-039A-4349-9225-2D97BB7D9CF2}
		{F138DC97-1155-49B7-9F9D-FA5A3B07F569} = {9A5D894C-039A-4349-9225-2D97BB7D9CF2}
		{B19C9E84-8552-436A-9022-DBE67DB14C8C} = {9A5D894C-039A-4349-9225-2D97BB7D9CF2}
		{CD428033-858E-4D08-8F5A-A7EBEDAA6787} = {9A5D894C-039A-4349-9225-2D97BB7D9CF2}
		{6FCD4717-9330-4DFC-ABBC-A8BD6A8EC41E} = {9A5D894C-039A-4349-9225-2D97BB7D9CF2}
		{76C8472C-454A-4527-979D-270ABEAD4713} = {9A5D894C-039A-4349-9225-2D97BB7D9CF2}
		{E021CC92-8C0F-4716-80E0-1CBBFE5D45D1} = {9A5D894C-039A-4349-9225-2D97BB7D9CF2}
		{0440D864-10C2-4DBF-979E-836DF7AC580A} = {9A5D894C-039A-4349-9225-2D97BB7D9CF2}
		{03DA8428-78CF-4B62-AFB5-A45B038D0E84} = {9A5D894C-039A-4349-9225-2D97BB7D9CF2}
		{DBA65744-25B7-4F7E-82FB-63F7C707AAB0} = {9A5D894C-039A-4349-9225-2D97BB7D9CF2}
		{AD2BB652-56E9-46C3-9DDC-0029AAE89E47} = {9A5D894C-039A-4349-9225-2D97BB7D9CF2}
		{6BCBF43E-0B50-4036-A011-1F99BC8D30E7} = {9A5D894C-039A-4349-9225-2D97BB7D9CF2}
		{FEC92B0B-8DEC-4D50-9041-6CB76FCCB9F6} = {9A5D894C-039A-4349-9225-2D97BB7D9CF2}
		{995BF884-5CCD-4230-B79D-14F2F95070CA} = {9A5D894C-039A-4349-9225-2D97BB7D9CF2}
		{F7FB0309-46B7-43F3-A4D2-2783D4D6C370} = {9A5D894C-039A-4349-9225-2D97BB7D9CF2}
		{9C035825-8664-457E-8412-2D6B73B4EA35} = {9A5D894C-039A-4349-9225-2D97BB7D9CF2}
		{54B25CC4-10EB-41DF-B714-C4CC80DF7415} = {9A5D894C-039A-4349-9225-2D97BB7D9CF2}
		{7E138314-DA35-4CDA-813F-A97ED2D06744} = {9A5D894C-039A-4349-9225-2D97BB7D9CF2}
		{5DCB91F5-1DB9-4E49-9C52-C76592FD0A05} = {9A5D894C-039A-4349-9225-2D97BB7D9CF2}
		{B5C21318-43CE-4043-9578-2C03596999C2} = {9A5D894C-039A-4349-9225-2D97BB7D9CF2}
		{AA26BACA-8D6F-454F-A4BD-321DBC846ECC} = {9A5D894C-039A-4349-9225-2D97BB7D9CF2}
		{B1C8F0B8-8D86-4037-B495-C4F7E7DEDAF8} = {9A5D894C-039A-4349-9225-2D97BB7D9CF2}
		{DBBCA158-F160-49E8-AA17-9E4EC737D9F1} = {9A5D894C-039A-4349-9225-2D97BB7D9CF2}
	EndGlobalSection
	GlobalSection(SolutionConfigurationPlatforms) = preSolution
		Debug|Any CPU = Debug|Any CPU
		Release|Any CPU = Release|Any CPU
	EndGlobalSection
	GlobalSection(ProjectConfigurationPlatforms) = postSolution
		{DD8775F2-1140-4401-9665-A667A02573C9}.Debug|Any CPU.ActiveCfg = Debug|Any CPU
		{DD8775F2-1140-4401-9665-A667A02573C9}.Debug|Any CPU.Build.0 = Debug|Any CPU
		{DD8775F2-1140-4401-9665-A667A02573C9}.Release|Any CPU.ActiveCfg = Release|Any CPU
		{DD8775F2-1140-4401-9665-A667A02573C9}.Release|Any CPU.Build.0 = Release|Any CPU
		{6C3BFA03-500B-49E6-A53F-5185BD642123}.Debug|Any CPU.ActiveCfg = Debug|Any CPU
		{6C3BFA03-500B-49E6-A53F-5185BD642123}.Debug|Any CPU.Build.0 = Debug|Any CPU
		{6C3BFA03-500B-49E6-A53F-5185BD642123}.Release|Any CPU.ActiveCfg = Release|Any CPU
		{6C3BFA03-500B-49E6-A53F-5185BD642123}.Release|Any CPU.Build.0 = Release|Any CPU
		{FC1169D0-A9A2-479D-9567-47BECFD60077}.Debug|Any CPU.ActiveCfg = Debug|Any CPU
		{FC1169D0-A9A2-479D-9567-47BECFD60077}.Debug|Any CPU.Build.0 = Debug|Any CPU
		{FC1169D0-A9A2-479D-9567-47BECFD60077}.Release|Any CPU.ActiveCfg = Release|Any CPU
		{FC1169D0-A9A2-479D-9567-47BECFD60077}.Release|Any CPU.Build.0 = Release|Any CPU
		{F138DC97-1155-49B7-9F9D-FA5A3B07F569}.Debug|Any CPU.ActiveCfg = Debug|Any CPU
		{F138DC97-1155-49B7-9F9D-FA5A3B07F569}.Debug|Any CPU.Build.0 = Debug|Any CPU
		{F138DC97-1155-49B7-9F9D-FA5A3B07F569}.Release|Any CPU.ActiveCfg = Release|Any CPU
		{F138DC97-1155-49B7-9F9D-FA5A3B07F569}.Release|Any CPU.Build.0 = Release|Any CPU
		{B19C9E84-8552-436A-9022-DBE67DB14C8C}.Debug|Any CPU.ActiveCfg = Debug|Any CPU
		{B19C9E84-8552-436A-9022-DBE67DB14C8C}.Debug|Any CPU.Build.0 = Debug|Any CPU
		{B19C9E84-8552-436A-9022-DBE67DB14C8C}.Release|Any CPU.ActiveCfg = Release|Any CPU
		{B19C9E84-8552-436A-9022-DBE67DB14C8C}.Release|Any CPU.Build.0 = Release|Any CPU
		{CD428033-858E-4D08-8F5A-A7EBEDAA6787}.Debug|Any CPU.ActiveCfg = Debug|Any CPU
		{CD428033-858E-4D08-8F5A-A7EBEDAA6787}.Debug|Any CPU.Build.0 = Debug|Any CPU
		{CD428033-858E-4D08-8F5A-A7EBEDAA6787}.Release|Any CPU.ActiveCfg = Release|Any CPU
		{CD428033-858E-4D08-8F5A-A7EBEDAA6787}.Release|Any CPU.Build.0 = Release|Any CPU
		{6FCD4717-9330-4DFC-ABBC-A8BD6A8EC41E}.Debug|Any CPU.ActiveCfg = Debug|Any CPU
		{6FCD4717-9330-4DFC-ABBC-A8BD6A8EC41E}.Debug|Any CPU.Build.0 = Debug|Any CPU
		{6FCD4717-9330-4DFC-ABBC-A8BD6A8EC41E}.Release|Any CPU.ActiveCfg = Release|Any CPU
		{6FCD4717-9330-4DFC-ABBC-A8BD6A8EC41E}.Release|Any CPU.Build.0 = Release|Any CPU
		{76C8472C-454A-4527-979D-270ABEAD4713}.Debug|Any CPU.ActiveCfg = Debug|Any CPU
		{76C8472C-454A-4527-979D-270ABEAD4713}.Debug|Any CPU.Build.0 = Debug|Any CPU
		{76C8472C-454A-4527-979D-270ABEAD4713}.Release|Any CPU.ActiveCfg = Release|Any CPU
		{76C8472C-454A-4527-979D-270ABEAD4713}.Release|Any CPU.Build.0 = Release|Any CPU
		{E021CC92-8C0F-4716-80E0-1CBBFE5D45D1}.Debug|Any CPU.ActiveCfg = Debug|Any CPU
		{E021CC92-8C0F-4716-80E0-1CBBFE5D45D1}.Debug|Any CPU.Build.0 = Debug|Any CPU
		{E021CC92-8C0F-4716-80E0-1CBBFE5D45D1}.Release|Any CPU.ActiveCfg = Release|Any CPU
		{E021CC92-8C0F-4716-80E0-1CBBFE5D45D1}.Release|Any CPU.Build.0 = Release|Any CPU
		{0440D864-10C2-4DBF-979E-836DF7AC580A}.Debug|Any CPU.ActiveCfg = Debug|Any CPU
		{0440D864-10C2-4DBF-979E-836DF7AC580A}.Debug|Any CPU.Build.0 = Debug|Any CPU
		{0440D864-10C2-4DBF-979E-836DF7AC580A}.Release|Any CPU.ActiveCfg = Release|Any CPU
		{0440D864-10C2-4DBF-979E-836DF7AC580A}.Release|Any CPU.Build.0 = Release|Any CPU
		{03DA8428-78CF-4B62-AFB5-A45B038D0E84}.Debug|Any CPU.ActiveCfg = Debug|Any CPU
		{03DA8428-78CF-4B62-AFB5-A45B038D0E84}.Debug|Any CPU.Build.0 = Debug|Any CPU
		{03DA8428-78CF-4B62-AFB5-A45B038D0E84}.Release|Any CPU.ActiveCfg = Release|Any CPU
		{03DA8428-78CF-4B62-AFB5-A45B038D0E84}.Release|Any CPU.Build.0 = Release|Any CPU
		{DBA65744-25B7-4F7E-82FB-63F7C707AAB0}.Debug|Any CPU.ActiveCfg = Debug|Any CPU
		{DBA65744-25B7-4F7E-82FB-63F7C707AAB0}.Debug|Any CPU.Build.0 = Debug|Any CPU
		{DBA65744-25B7-4F7E-82FB-63F7C707AAB0}.Release|Any CPU.ActiveCfg = Release|Any CPU
		{DBA65744-25B7-4F7E-82FB-63F7C707AAB0}.Release|Any CPU.Build.0 = Release|Any CPU
		{AD2BB652-56E9-46C3-9DDC-0029AAE89E47}.Debug|Any CPU.ActiveCfg = Debug|Any CPU
		{AD2BB652-56E9-46C3-9DDC-0029AAE89E47}.Debug|Any CPU.Build.0 = Debug|Any CPU
		{AD2BB652-56E9-46C3-9DDC-0029AAE89E47}.Release|Any CPU.ActiveCfg = Release|Any CPU
		{AD2BB652-56E9-46C3-9DDC-0029AAE89E47}.Release|Any CPU.Build.0 = Release|Any CPU
		{6BCBF43E-0B50-4036-A011-1F99BC8D30E7}.Debug|Any CPU.ActiveCfg = Debug|Any CPU
		{6BCBF43E-0B50-4036-A011-1F99BC8D30E7}.Debug|Any CPU.Build.0 = Debug|Any CPU
		{6BCBF43E-0B50-4036-A011-1F99BC8D30E7}.Release|Any CPU.ActiveCfg = Release|Any CPU
		{6BCBF43E-0B50-4036-A011-1F99BC8D30E7}.Release|Any CPU.Build.0 = Release|Any CPU
		{FEC92B0B-8DEC-4D50-9041-6CB76FCCB9F6}.Debug|Any CPU.ActiveCfg = Debug|Any CPU
		{FEC92B0B-8DEC-4D50-9041-6CB76FCCB9F6}.Debug|Any CPU.Build.0 = Debug|Any CPU
		{FEC92B0B-8DEC-4D50-9041-6CB76FCCB9F6}.Release|Any CPU.ActiveCfg = Release|Any CPU
		{FEC92B0B-8DEC-4D50-9041-6CB76FCCB9F6}.Release|Any CPU.Build.0 = Release|Any CPU
		{995BF884-5CCD-4230-B79D-14F2F95070CA}.Debug|Any CPU.ActiveCfg = Debug|Any CPU
		{995BF884-5CCD-4230-B79D-14F2F95070CA}.Debug|Any CPU.Build.0 = Debug|Any CPU
		{995BF884-5CCD-4230-B79D-14F2F95070CA}.Release|Any CPU.ActiveCfg = Release|Any CPU
		{995BF884-5CCD-4230-B79D-14F2F95070CA}.Release|Any CPU.Build.0 = Release|Any CPU
		{F7FB0309-46B7-43F3-A4D2-2783D4D6C370}.Debug|Any CPU.ActiveCfg = Debug|Any CPU
		{F7FB0309-46B7-43F3-A4D2-2783D4D6C370}.Debug|Any CPU.Build.0 = Debug|Any CPU
		{F7FB0309-46B7-43F3-A4D2-2783D4D6C370}.Release|Any CPU.ActiveCfg = Release|Any CPU
		{F7FB0309-46B7-43F3-A4D2-2783D4D6C370}.Release|Any CPU.Build.0 = Release|Any CPU
		{9C035825-8664-457E-8412-2D6B73B4EA35}.Debug|Any CPU.ActiveCfg = Debug|Any CPU
		{9C035825-8664-457E-8412-2D6B73B4EA35}.Debug|Any CPU.Build.0 = Debug|Any CPU
		{9C035825-8664-457E-8412-2D6B73B4EA35}.Release|Any CPU.ActiveCfg = Release|Any CPU
		{9C035825-8664-457E-8412-2D6B73B4EA35}.Release|Any CPU.Build.0 = Release|Any CPU
		{54B25CC4-10EB-41DF-B714-C4CC80DF7415}.Debug|Any CPU.ActiveCfg = Debug|Any CPU
		{54B25CC4-10EB-41DF-B714-C4CC80DF7415}.Debug|Any CPU.Build.0 = Debug|Any CPU
		{54B25CC4-10EB-41DF-B714-C4CC80DF7415}.Release|Any CPU.ActiveCfg = Release|Any CPU
		{54B25CC4-10EB-41DF-B714-C4CC80DF7415}.Release|Any CPU.Build.0 = Release|Any CPU
		{7E138314-DA35-4CDA-813F-A97ED2D06744}.Debug|Any CPU.ActiveCfg = Debug|Any CPU
		{7E138314-DA35-4CDA-813F-A97ED2D06744}.Debug|Any CPU.Build.0 = Debug|Any CPU
		{7E138314-DA35-4CDA-813F-A97ED2D06744}.Release|Any CPU.ActiveCfg = Release|Any CPU
		{7E138314-DA35-4CDA-813F-A97ED2D06744}.Release|Any CPU.Build.0 = Release|Any CPU
		{5DCB91F5-1DB9-4E49-9C52-C76592FD0A05}.Debug|Any CPU.ActiveCfg = Debug|Any CPU
		{5DCB91F5-1DB9-4E49-9C52-C76592FD0A05}.Debug|Any CPU.Build.0 = Debug|Any CPU
		{5DCB91F5-1DB9-4E49-9C52-C76592FD0A05}.Release|Any CPU.ActiveCfg = Release|Any CPU
		{5DCB91F5-1DB9-4E49-9C52-C76592FD0A05}.Release|Any CPU.Build.0 = Release|Any CPU
		{B5C21318-43CE-4043-9578-2C03596999C2}.Debug|Any CPU.ActiveCfg = Debug|Any CPU
		{B5C21318-43CE-4043-9578-2C03596999C2}.Debug|Any CPU.Build.0 = Debug|Any CPU
		{B5C21318-43CE-4043-9578-2C03596999C2}.Release|Any CPU.ActiveCfg = Release|Any CPU
		{B5C21318-43CE-4043-9578-2C03596999C2}.Release|Any CPU.Build.0 = Release|Any CPU
		{AA26BACA-8D6F-454F-A4BD-321DBC846ECC}.Debug|Any CPU.ActiveCfg = Debug|Any CPU
		{AA26BACA-8D6F-454F-A4BD-321DBC846ECC}.Debug|Any CPU.Build.0 = Debug|Any CPU
		{AA26BACA-8D6F-454F-A4BD-321DBC846ECC}.Release|Any CPU.ActiveCfg = Release|Any CPU
		{AA26BACA-8D6F-454F-A4BD-321DBC846ECC}.Release|Any CPU.Build.0 = Release|Any CPU
		{B1C8F0B8-8D86-4037-B495-C4F7E7DEDAF8}.Debug|Any CPU.ActiveCfg = Debug|Any CPU
		{B1C8F0B8-8D86-4037-B495-C4F7E7DEDAF8}.Debug|Any CPU.Build.0 = Debug|Any CPU
		{B1C8F0B8-8D86-4037-B495-C4F7E7DEDAF8}.Release|Any CPU.ActiveCfg = Release|Any CPU
		{B1C8F0B8-8D86-4037-B495-C4F7E7DEDAF8}.Release|Any CPU.Build.0 = Release|Any CPU
		{DBBCA158-F160-49E8-AA17-9E4EC737D9F1}.Debug|Any CPU.ActiveCfg = Debug|Any CPU
		{DBBCA158-F160-49E8-AA17-9E4EC737D9F1}.Debug|Any CPU.Build.0 = Debug|Any CPU
		{DBBCA158-F160-49E8-AA17-9E4EC737D9F1}.Release|Any CPU.ActiveCfg = Release|Any CPU
		{DBBCA158-F160-49E8-AA17-9E4EC737D9F1}.Release|Any CPU.Build.0 = Release|Any CPU
	EndGlobalSection
	GlobalSection(SolutionProperties) = preSolution
		HideSolutionNode = FALSE
	EndGlobalSection
	GlobalSection(ExtensibilityGlobals) = postSolution
		SolutionGuid = {9E5C15A5-F6E4-41F3-91B1-6CE4AD6D4CEB}
	EndGlobalSection
EndGlobal
